// !$*UTF8*$!
{
	archiveVersion = 1;
	classes = {
	};
	objectVersion = 46;
	objects = {

/* Begin PBXBuildFile section */
		A6EAC5521A2546A700AA9B56 /* Foundation.framework in Frameworks */ = {isa = PBXBuildFile; fileRef = A6EAC5511A2546A700AA9B56 /* Foundation.framework */; };
		A6EAC5541A2546A700AA9B56 /* CoreGraphics.framework in Frameworks */ = {isa = PBXBuildFile; fileRef = A6EAC5531A2546A700AA9B56 /* CoreGraphics.framework */; };
		A6EAC5561A2546A700AA9B56 /* UIKit.framework in Frameworks */ = {isa = PBXBuildFile; fileRef = A6EAC5551A2546A700AA9B56 /* UIKit.framework */; };
		A6EAC55C1A2546A700AA9B56 /* InfoPlist.strings in Resources */ = {isa = PBXBuildFile; fileRef = A6EAC55A1A2546A700AA9B56 /* InfoPlist.strings */; };
		A6EAC55E1A2546A700AA9B56 /* main.m in Sources */ = {isa = PBXBuildFile; fileRef = A6EAC55D1A2546A700AA9B56 /* main.m */; };
		A6EAC5621A2546A700AA9B56 /* AppDelegate.m in Sources */ = {isa = PBXBuildFile; fileRef = A6EAC5611A2546A700AA9B56 /* AppDelegate.m */; };
		A6EAC5651A2546A700AA9B56 /* Main.storyboard in Resources */ = {isa = PBXBuildFile; fileRef = A6EAC5631A2546A700AA9B56 /* Main.storyboard */; };
		A6EAC5681A2546A700AA9B56 /* ViewController.m in Sources */ = {isa = PBXBuildFile; fileRef = A6EAC5671A2546A700AA9B56 /* ViewController.m */; };
		A6EAC56A1A2546A700AA9B56 /* Images.xcassets in Resources */ = {isa = PBXBuildFile; fileRef = A6EAC5691A2546A700AA9B56 /* Images.xcassets */; };
		A6EAC5711A2546A700AA9B56 /* XCTest.framework in Frameworks */ = {isa = PBXBuildFile; fileRef = A6EAC5701A2546A700AA9B56 /* XCTest.framework */; };
		A6EAC5721A2546A700AA9B56 /* Foundation.framework in Frameworks */ = {isa = PBXBuildFile; fileRef = A6EAC5511A2546A700AA9B56 /* Foundation.framework */; };
		A6EAC5731A2546A700AA9B56 /* UIKit.framework in Frameworks */ = {isa = PBXBuildFile; fileRef = A6EAC5551A2546A700AA9B56 /* UIKit.framework */; };
		A6EAC57B1A2546A700AA9B56 /* InfoPlist.strings in Resources */ = {isa = PBXBuildFile; fileRef = A6EAC5791A2546A700AA9B56 /* InfoPlist.strings */; };
		A6EAC57D1A2546A700AA9B56 /* TeamGMTests.m in Sources */ = {isa = PBXBuildFile; fileRef = A6EAC57C1A2546A700AA9B56 /* TeamGMTests.m */; };
/* End PBXBuildFile section */

/* Begin PBXContainerItemProxy section */
		A6EAC5741A2546A700AA9B56 /* PBXContainerItemProxy */ = {
			isa = PBXContainerItemProxy;
			containerPortal = A6EAC5461A2546A700AA9B56 /* Project object */;
			proxyType = 1;
			remoteGlobalIDString = A6EAC54D1A2546A700AA9B56;
			remoteInfo = TeamGM;
		};
/* End PBXContainerItemProxy section */

/* Begin PBXFileReference section */
		A6EAC54E1A2546A700AA9B56 /* TeamGM.app */ = {isa = PBXFileReference; explicitFileType = wrapper.application; includeInIndex = 0; path = TeamGM.app; sourceTree = BUILT_PRODUCTS_DIR; };
		A6EAC5511A2546A700AA9B56 /* Foundation.framework */ = {isa = PBXFileReference; lastKnownFileType = wrapper.framework; name = Foundation.framework; path = System/Library/Frameworks/Foundation.framework; sourceTree = SDKROOT; };
		A6EAC5531A2546A700AA9B56 /* CoreGraphics.framework */ = {isa = PBXFileReference; lastKnownFileType = wrapper.framework; name = CoreGraphics.framework; path = System/Library/Frameworks/CoreGraphics.framework; sourceTree = SDKROOT; };
		A6EAC5551A2546A700AA9B56 /* UIKit.framework */ = {isa = PBXFileReference; lastKnownFileType = wrapper.framework; name = UIKit.framework; path = System/Library/Frameworks/UIKit.framework; sourceTree = SDKROOT; };
		A6EAC5591A2546A700AA9B56 /* TeamGM-Info.plist */ = {isa = PBXFileReference; lastKnownFileType = text.plist.xml; path = "TeamGM-Info.plist"; sourceTree = "<group>"; };
		A6EAC55B1A2546A700AA9B56 /* en */ = {isa = PBXFileReference; lastKnownFileType = text.plist.strings; name = en; path = en.lproj/InfoPlist.strings; sourceTree = "<group>"; };
		A6EAC55D1A2546A700AA9B56 /* main.m */ = {isa = PBXFileReference; lastKnownFileType = sourcecode.c.objc; path = main.m; sourceTree = "<group>"; };
		A6EAC55F1A2546A700AA9B56 /* TeamGM-Prefix.pch */ = {isa = PBXFileReference; lastKnownFileType = sourcecode.c.h; path = "TeamGM-Prefix.pch"; sourceTree = "<group>"; };
		A6EAC5601A2546A700AA9B56 /* AppDelegate.h */ = {isa = PBXFileReference; lastKnownFileType = sourcecode.c.h; path = AppDelegate.h; sourceTree = "<group>"; };
		A6EAC5611A2546A700AA9B56 /* AppDelegate.m */ = {isa = PBXFileReference; lastKnownFileType = sourcecode.c.objc; path = AppDelegate.m; sourceTree = "<group>"; };
		A6EAC5641A2546A700AA9B56 /* Base */ = {isa = PBXFileReference; lastKnownFileType = file.storyboard; name = Base; path = Base.lproj/Main.storyboard; sourceTree = "<group>"; };
		A6EAC5661A2546A700AA9B56 /* ViewController.h */ = {isa = PBXFileReference; lastKnownFileType = sourcecode.c.h; path = ViewController.h; sourceTree = "<group>"; };
		A6EAC5671A2546A700AA9B56 /* ViewController.m */ = {isa = PBXFileReference; lastKnownFileType = sourcecode.c.objc; path = ViewController.m; sourceTree = "<group>"; };
		A6EAC5691A2546A700AA9B56 /* Images.xcassets */ = {isa = PBXFileReference; lastKnownFileType = folder.assetcatalog; path = Images.xcassets; sourceTree = "<group>"; };
		A6EAC56F1A2546A700AA9B56 /* TeamGMTests.xctest */ = {isa = PBXFileReference; explicitFileType = wrapper.cfbundle; includeInIndex = 0; path = TeamGMTests.xctest; sourceTree = BUILT_PRODUCTS_DIR; };
		A6EAC5701A2546A700AA9B56 /* XCTest.framework */ = {isa = PBXFileReference; lastKnownFileType = wrapper.framework; name = XCTest.framework; path = Library/Frameworks/XCTest.framework; sourceTree = DEVELOPER_DIR; };
		A6EAC5781A2546A700AA9B56 /* TeamGMTests-Info.plist */ = {isa = PBXFileReference; lastKnownFileType = text.plist.xml; path = "TeamGMTests-Info.plist"; sourceTree = "<group>"; };
		A6EAC57A1A2546A700AA9B56 /* en */ = {isa = PBXFileReference; lastKnownFileType = text.plist.strings; name = en; path = en.lproj/InfoPlist.strings; sourceTree = "<group>"; };
		A6EAC57C1A2546A700AA9B56 /* TeamGMTests.m */ = {isa = PBXFileReference; lastKnownFileType = sourcecode.c.objc; path = TeamGMTests.m; sourceTree = "<group>"; };
/* End PBXFileReference section */

/* Begin PBXFrameworksBuildPhase section */
		A6EAC54B1A2546A700AA9B56 /* Frameworks */ = {
			isa = PBXFrameworksBuildPhase;
			buildActionMask = 2147483647;
			files = (
				A6EAC5541A2546A700AA9B56 /* CoreGraphics.framework in Frameworks */,
				A6EAC5561A2546A700AA9B56 /* UIKit.framework in Frameworks */,
				A6EAC5521A2546A700AA9B56 /* Foundation.framework in Frameworks */,
			);
			runOnlyForDeploymentPostprocessing = 0;
		};
		A6EAC56C1A2546A700AA9B56 /* Frameworks */ = {
			isa = PBXFrameworksBuildPhase;
			buildActionMask = 2147483647;
			files = (
				A6EAC5711A2546A700AA9B56 /* XCTest.framework in Frameworks */,
				A6EAC5731A2546A700AA9B56 /* UIKit.framework in Frameworks */,
				A6EAC5721A2546A700AA9B56 /* Foundation.framework in Frameworks */,
			);
			runOnlyForDeploymentPostprocessing = 0;
		};
/* End PBXFrameworksBuildPhase section */

/* Begin PBXGroup section */
		A6EAC5451A2546A700AA9B56 = {
			isa = PBXGroup;
			children = (
				A6EAC5571A2546A700AA9B56 /* TeamGM */,
				A6EAC5761A2546A700AA9B56 /* TeamGMTests */,
				A6EAC5501A2546A700AA9B56 /* Frameworks */,
				A6EAC54F1A2546A700AA9B56 /* Products */,
			);
			sourceTree = "<group>";
		};
		A6EAC54F1A2546A700AA9B56 /* Products */ = {
			isa = PBXGroup;
			children = (
				A6EAC54E1A2546A700AA9B56 /* TeamGM.app */,
				A6EAC56F1A2546A700AA9B56 /* TeamGMTests.xctest */,
			);
			name = Products;
			sourceTree = "<group>";
		};
		A6EAC5501A2546A700AA9B56 /* Frameworks */ = {
			isa = PBXGroup;
			children = (
				A6EAC5511A2546A700AA9B56 /* Foundation.framework */,
				A6EAC5531A2546A700AA9B56 /* CoreGraphics.framework */,
				A6EAC5551A2546A700AA9B56 /* UIKit.framework */,
				A6EAC5701A2546A700AA9B56 /* XCTest.framework */,
			);
			name = Frameworks;
			sourceTree = "<group>";
		};
		A6EAC5571A2546A700AA9B56 /* TeamGM */ = {
			isa = PBXGroup;
			children = (
				A6EAC5601A2546A700AA9B56 /* AppDelegate.h */,
				A6EAC5611A2546A700AA9B56 /* AppDelegate.m */,
				A6EAC5631A2546A700AA9B56 /* Main.storyboard */,
				A6EAC5661A2546A700AA9B56 /* ViewController.h */,
				A6EAC5671A2546A700AA9B56 /* ViewController.m */,
				A6EAC5691A2546A700AA9B56 /* Images.xcassets */,
				A6EAC5581A2546A700AA9B56 /* Supporting Files */,
			);
			path = TeamGM;
			sourceTree = "<group>";
		};
		A6EAC5581A2546A700AA9B56 /* Supporting Files */ = {
			isa = PBXGroup;
			children = (
				A6EAC5591A2546A700AA9B56 /* TeamGM-Info.plist */,
				A6EAC55A1A2546A700AA9B56 /* InfoPlist.strings */,
				A6EAC55D1A2546A700AA9B56 /* main.m */,
				A6EAC55F1A2546A700AA9B56 /* TeamGM-Prefix.pch */,
			);
			name = "Supporting Files";
			sourceTree = "<group>";
		};
		A6EAC5761A2546A700AA9B56 /* TeamGMTests */ = {
			isa = PBXGroup;
			children = (
				A6EAC57C1A2546A700AA9B56 /* TeamGMTests.m */,
				A6EAC5771A2546A700AA9B56 /* Supporting Files */,
			);
			path = TeamGMTests;
			sourceTree = "<group>";
		};
		A6EAC5771A2546A700AA9B56 /* Supporting Files */ = {
			isa = PBXGroup;
			children = (
				A6EAC5781A2546A700AA9B56 /* TeamGMTests-Info.plist */,
				A6EAC5791A2546A700AA9B56 /* InfoPlist.strings */,
			);
			name = "Supporting Files";
			sourceTree = "<group>";
		};
/* End PBXGroup section */

/* Begin PBXNativeTarget section */
		A6EAC54D1A2546A700AA9B56 /* TeamGM */ = {
			isa = PBXNativeTarget;
			buildConfigurationList = A6EAC5801A2546A700AA9B56 /* Build configuration list for PBXNativeTarget "TeamGM" */;
			buildPhases = (
				A6EAC54A1A2546A700AA9B56 /* Sources */,
				A6EAC54B1A2546A700AA9B56 /* Frameworks */,
				A6EAC54C1A2546A700AA9B56 /* Resources */,
			);
			buildRules = (
			);
			dependencies = (
			);
			name = TeamGM;
			productName = TeamGM;
			productReference = A6EAC54E1A2546A700AA9B56 /* TeamGM.app */;
			productType = "com.apple.product-type.application";
		};
		A6EAC56E1A2546A700AA9B56 /* TeamGMTests */ = {
			isa = PBXNativeTarget;
			buildConfigurationList = A6EAC5831A2546A700AA9B56 /* Build configuration list for PBXNativeTarget "TeamGMTests" */;
			buildPhases = (
				A6EAC56B1A2546A700AA9B56 /* Sources */,
				A6EAC56C1A2546A700AA9B56 /* Frameworks */,
				A6EAC56D1A2546A700AA9B56 /* Resources */,
			);
			buildRules = (
			);
			dependencies = (
				A6EAC5751A2546A700AA9B56 /* PBXTargetDependency */,
			);
			name = TeamGMTests;
			productName = TeamGMTests;
			productReference = A6EAC56F1A2546A700AA9B56 /* TeamGMTests.xctest */;
			productType = "com.apple.product-type.bundle.unit-test";
		};
/* End PBXNativeTarget section */

/* Begin PBXProject section */
		A6EAC5461A2546A700AA9B56 /* Project object */ = {
			isa = PBXProject;
			attributes = {
				LastUpgradeCheck = 0510;
				ORGANIZATIONNAME = "James McPherson";
				TargetAttributes = {
					A6EAC56E1A2546A700AA9B56 = {
						TestTargetID = A6EAC54D1A2546A700AA9B56;
					};
				};
			};
			buildConfigurationList = A6EAC5491A2546A700AA9B56 /* Build configuration list for PBXProject "TeamGM" */;
			compatibilityVersion = "Xcode 3.2";
			developmentRegion = English;
			hasScannedForEncodings = 0;
			knownRegions = (
				en,
				Base,
			);
			mainGroup = A6EAC5451A2546A700AA9B56;
			productRefGroup = A6EAC54F1A2546A700AA9B56 /* Products */;
			projectDirPath = "";
			projectRoot = "";
			targets = (
				A6EAC54D1A2546A700AA9B56 /* TeamGM */,
				A6EAC56E1A2546A700AA9B56 /* TeamGMTests */,
			);
		};
/* End PBXProject section */

/* Begin PBXResourcesBuildPhase section */
		A6EAC54C1A2546A700AA9B56 /* Resources */ = {
			isa = PBXResourcesBuildPhase;
			buildActionMask = 2147483647;
			files = (
				A6EAC56A1A2546A700AA9B56 /* Images.xcassets in Resources */,
				A6EAC55C1A2546A700AA9B56 /* InfoPlist.strings in Resources */,
				A6EAC5651A2546A700AA9B56 /* Main.storyboard in Resources */,
			);
			runOnlyForDeploymentPostprocessing = 0;
		};
		A6EAC56D1A2546A700AA9B56 /* Resources */ = {
			isa = PBXResourcesBuildPhase;
			buildActionMask = 2147483647;
			files = (
				A6EAC57B1A2546A700AA9B56 /* InfoPlist.strings in Resources */,
			);
			runOnlyForDeploymentPostprocessing = 0;
		};
/* End PBXResourcesBuildPhase section */

/* Begin PBXSourcesBuildPhase section */
		A6EAC54A1A2546A700AA9B56 /* Sources */ = {
			isa = PBXSourcesBuildPhase;
			buildActionMask = 2147483647;
			files = (
				A6EAC5681A2546A700AA9B56 /* ViewController.m in Sources */,
				A6EAC5621A2546A700AA9B56 /* AppDelegate.m in Sources */,
				A6EAC55E1A2546A700AA9B56 /* main.m in Sources */,
			);
			runOnlyForDeploymentPostprocessing = 0;
		};
		A6EAC56B1A2546A700AA9B56 /* Sources */ = {
			isa = PBXSourcesBuildPhase;
			buildActionMask = 2147483647;
			files = (
				A6EAC57D1A2546A700AA9B56 /* TeamGMTests.m in Sources */,
			);
			runOnlyForDeploymentPostprocessing = 0;
		};
/* End PBXSourcesBuildPhase section */

/* Begin PBXTargetDependency section */
		A6EAC5751A2546A700AA9B56 /* PBXTargetDependency */ = {
			isa = PBXTargetDependency;
			target = A6EAC54D1A2546A700AA9B56 /* TeamGM */;
			targetProxy = A6EAC5741A2546A700AA9B56 /* PBXContainerItemProxy */;
		};
/* End PBXTargetDependency section */

/* Begin PBXVariantGroup section */
		A6EAC55A1A2546A700AA9B56 /* InfoPlist.strings */ = {
			isa = PBXVariantGroup;
			children = (
				A6EAC55B1A2546A700AA9B56 /* en */,
			);
			name = InfoPlist.strings;
			sourceTree = "<group>";
		};
		A6EAC5631A2546A700AA9B56 /* Main.storyboard */ = {
			isa = PBXVariantGroup;
			children = (
				A6EAC5641A2546A700AA9B56 /* Base */,
			);
			name = Main.storyboard;
			sourceTree = "<group>";
		};
		A6EAC5791A2546A700AA9B56 /* InfoPlist.strings */ = {
			isa = PBXVariantGroup;
			children = (
				A6EAC57A1A2546A700AA9B56 /* en */,
			);
			name = InfoPlist.strings;
			sourceTree = "<group>";
		};
/* End PBXVariantGroup section */

/* Begin XCBuildConfiguration section */
		A6EAC57E1A2546A700AA9B56 /* Debug */ = {
			isa = XCBuildConfiguration;
			buildSettings = {
				ALWAYS_SEARCH_USER_PATHS = NO;
				CLANG_CXX_LANGUAGE_STANDARD = "gnu++0x";
				CLANG_CXX_LIBRARY = "libc++";
				CLANG_ENABLE_MODULES = YES;
				CLANG_ENABLE_OBJC_ARC = YES;
				CLANG_WARN_BOOL_CONVERSION = YES;
				CLANG_WARN_CONSTANT_CONVERSION = YES;
				CLANG_WARN_DIRECT_OBJC_ISA_USAGE = YES_ERROR;
				CLANG_WARN_EMPTY_BODY = YES;
				CLANG_WARN_ENUM_CONVERSION = YES;
				CLANG_WARN_INT_CONVERSION = YES;
				CLANG_WARN_OBJC_ROOT_CLASS = YES_ERROR;
				CLANG_WARN__DUPLICATE_METHOD_MATCH = YES;
				"CODE_SIGN_IDENTITY[sdk=iphoneos*]" = "iPhone Developer";
				COPY_PHASE_STRIP = NO;
				GCC_C_LANGUAGE_STANDARD = gnu99;
				GCC_DYNAMIC_NO_PIC = NO;
				GCC_OPTIMIZATION_LEVEL = 0;
				GCC_PREPROCESSOR_DEFINITIONS = (
					"DEBUG=1",
					"$(inherited)",
				);
				GCC_SYMBOLS_PRIVATE_EXTERN = NO;
				GCC_WARN_64_TO_32_BIT_CONVERSION = YES;
				GCC_WARN_ABOUT_RETURN_TYPE = YES_ERROR;
				GCC_WARN_UNDECLARED_SELECTOR = YES;
				GCC_WARN_UNINITIALIZED_AUTOS = YES_AGGRESSIVE;
				GCC_WARN_UNUSED_FUNCTION = YES;
				GCC_WARN_UNUSED_VARIABLE = YES;
				IPHONEOS_DEPLOYMENT_TARGET = 7.1;
				ONLY_ACTIVE_ARCH = YES;
				SDKROOT = iphoneos;
			};
			name = Debug;
		};
		A6EAC57F1A2546A700AA9B56 /* Release */ = {
			isa = XCBuildConfiguration;
			buildSettings = {
				ALWAYS_SEARCH_USER_PATHS = NO;
				CLANG_CXX_LANGUAGE_STANDARD = "gnu++0x";
				CLANG_CXX_LIBRARY = "libc++";
				CLANG_ENABLE_MODULES = YES;
				CLANG_ENABLE_OBJC_ARC = YES;
				CLANG_WARN_BOOL_CONVERSION = YES;
				CLANG_WARN_CONSTANT_CONVERSION = YES;
				CLANG_WARN_DIRECT_OBJC_ISA_USAGE = YES_ERROR;
				CLANG_WARN_EMPTY_BODY = YES;
				CLANG_WARN_ENUM_CONVERSION = YES;
				CLANG_WARN_INT_CONVERSION = YES;
				CLANG_WARN_OBJC_ROOT_CLASS = YES_ERROR;
				CLANG_WARN__DUPLICATE_METHOD_MATCH = YES;
				"CODE_SIGN_IDENTITY[sdk=iphoneos*]" = "iPhone Developer";
				COPY_PHASE_STRIP = YES;
				ENABLE_NS_ASSERTIONS = NO;
				GCC_C_LANGUAGE_STANDARD = gnu99;
				GCC_WARN_64_TO_32_BIT_CONVERSION = YES;
				GCC_WARN_ABOUT_RETURN_TYPE = YES_ERROR;
				GCC_WARN_UNDECLARED_SELECTOR = YES;
				GCC_WARN_UNINITIALIZED_AUTOS = YES_AGGRESSIVE;
				GCC_WARN_UNUSED_FUNCTION = YES;
				GCC_WARN_UNUSED_VARIABLE = YES;
				IPHONEOS_DEPLOYMENT_TARGET = 7.1;
				SDKROOT = iphoneos;
				VALIDATE_PRODUCT = YES;
			};
			name = Release;
		};
		A6EAC5811A2546A700AA9B56 /* Debug */ = {
			isa = XCBuildConfiguration;
			buildSettings = {
				ASSETCATALOG_COMPILER_APPICON_NAME = AppIcon;
				ASSETCATALOG_COMPILER_LAUNCHIMAGE_NAME = LaunchImage;
				GCC_PRECOMPILE_PREFIX_HEADER = YES;
				GCC_PREFIX_HEADER = "TeamGM/TeamGM-Prefix.pch";
				INFOPLIST_FILE = "TeamGM/TeamGM-Info.plist";
				IPHONEOS_DEPLOYMENT_TARGET = 8.1;
				PRODUCT_NAME = "$(TARGET_NAME)";
				WRAPPER_EXTENSION = app;
			};
			name = Debug;
		};
		A6EAC5821A2546A700AA9B56 /* Release */ = {
			isa = XCBuildConfiguration;
			buildSettings = {
				ASSETCATALOG_COMPILER_APPICON_NAME = AppIcon;
				ASSETCATALOG_COMPILER_LAUNCHIMAGE_NAME = LaunchImage;
				GCC_PRECOMPILE_PREFIX_HEADER = YES;
				GCC_PREFIX_HEADER = "TeamGM/TeamGM-Prefix.pch";
				INFOPLIST_FILE = "TeamGM/TeamGM-Info.plist";
				IPHONEOS_DEPLOYMENT_TARGET = 8.1;
				PRODUCT_NAME = "$(TARGET_NAME)";
				WRAPPER_EXTENSION = app;
			};
			name = Release;
		};
		A6EAC5841A2546A700AA9B56 /* Debug */ = {
			isa = XCBuildConfiguration;
			buildSettings = {
				BUNDLE_LOADER = "$(BUILT_PRODUCTS_DIR)/TeamGM.app/TeamGM";
				FRAMEWORK_SEARCH_PATHS = (
					"$(SDKROOT)/Developer/Library/Frameworks",
					"$(inherited)",
					"$(DEVELOPER_FRAMEWORKS_DIR)",
				);
				GCC_PRECOMPILE_PREFIX_HEADER = YES;
				GCC_PREFIX_HEADER = "TeamGM/TeamGM-Prefix.pch";
				GCC_PREPROCESSOR_DEFINITIONS = (
					"DEBUG=1",
					"$(inherited)",
				);
				INFOPLIST_FILE = "TeamGMTests/TeamGMTests-Info.plist";
				PRODUCT_NAME = "$(TARGET_NAME)";
				TEST_HOST = "$(BUNDLE_LOADER)";
				WRAPPER_EXTENSION = xctest;
			};
			name = Debug;
		};
		A6EAC5851A2546A700AA9B56 /* Release */ = {
			isa = XCBuildConfiguration;
			buildSettings = {
				BUNDLE_LOADER = "$(BUILT_PRODUCTS_DIR)/TeamGM.app/TeamGM";
				FRAMEWORK_SEARCH_PATHS = (
					"$(SDKROOT)/Developer/Library/Frameworks",
					"$(inherited)",
					"$(DEVELOPER_FRAMEWORKS_DIR)",
				);
				GCC_PRECOMPILE_PREFIX_HEADER = YES;
				GCC_PREFIX_HEADER = "TeamGM/TeamGM-Prefix.pch";
				INFOPLIST_FILE = "TeamGMTests/TeamGMTests-Info.plist";
				PRODUCT_NAME = "$(TARGET_NAME)";
				TEST_HOST = "$(BUNDLE_LOADER)";
				WRAPPER_EXTENSION = xctest;
			};
			name = Release;
		};
/* End XCBuildConfiguration section */

/* Begin XCConfigurationList section */
		A6EAC5491A2546A700AA9B56 /* Build configuration list for PBXProject "TeamGM" */ = {
			isa = XCConfigurationList;
			buildConfigurations = (
				A6EAC57E1A2546A700AA9B56 /* Debug */,
				A6EAC57F1A2546A700AA9B56 /* Release */,
			);
			defaultConfigurationIsVisible = 0;
			defaultConfigurationName = Release;
		};
		A6EAC5801A2546A700AA9B56 /* Build configuration list for PBXNativeTarget "TeamGM" */ = {
			isa = XCConfigurationList;
			buildConfigurations = (
				A6EAC5811A2546A700AA9B56 /* Debug */,
				A6EAC5821A2546A700AA9B56 /* Release */,
			);
			defaultConfigurationIsVisible = 0;
			defaultConfigurationName = Release;
		};
		A6EAC5831A2546A700AA9B56 /* Build configuration list for PBXNativeTarget "TeamGMTests" */ = {
			isa = XCConfigurationList;
			buildConfigurations = (
				A6EAC5841A2546A700AA9B56 /* Debug */,
				A6EAC5851A2546A700AA9B56 /* Release */,
			);
			defaultConfigurationIsVisible = 0;
			defaultConfigurationName = Release;
		};
/* End XCConfigurationList section */
	};
	rootObject = A6EAC5461A2546A700AA9B56 /* Project object */;
}
